// !$*UTF8*$!
{
	archiveVersion = 1;
	classes = {
	};
	objectVersion = 56;
	objects = {

/* Begin PBXBuildFile section */
		57ECF1FD2A59DEB3002FE6BE /* ThirdPartyMailerExampleSwiftUIApp.swift in Sources */ = {isa = PBXBuildFile; fileRef = 57ECF1FC2A59DEB3002FE6BE /* ThirdPartyMailerExampleSwiftUIApp.swift */; };
		57ECF1FF2A59DEB3002FE6BE /* ContentView.swift in Sources */ = {isa = PBXBuildFile; fileRef = 57ECF1FE2A59DEB3002FE6BE /* ContentView.swift */; };
		57ECF2012A59DEB4002FE6BE /* Assets.xcassets in Resources */ = {isa = PBXBuildFile; fileRef = 57ECF2002A59DEB4002FE6BE /* Assets.xcassets */; };
		57ECF2042A59DEB4002FE6BE /* Preview Assets.xcassets in Resources */ = {isa = PBXBuildFile; fileRef = 57ECF2032A59DEB4002FE6BE /* Preview Assets.xcassets */; };
		57ECF20E2A59DF1F002FE6BE /* ThirdPartyMailer in Frameworks */ = {isa = PBXBuildFile; productRef = 57ECF20D2A59DF1F002FE6BE /* ThirdPartyMailer */; };
/* End PBXBuildFile section */

/* Begin PBXFileReference section */
		57ECF1F92A59DEB3002FE6BE /* ThirdPartyMailerExampleSwiftUI.app */ = {isa = PBXFileReference; explicitFileType = wrapper.application; includeInIndex = 0; path = ThirdPartyMailerExampleSwiftUI.app; sourceTree = BUILT_PRODUCTS_DIR; };
		57ECF1FC2A59DEB3002FE6BE /* ThirdPartyMailerExampleSwiftUIApp.swift */ = {isa = PBXFileReference; lastKnownFileType = sourcecode.swift; path = ThirdPartyMailerExampleSwiftUIApp.swift; sourceTree = "<group>"; };
		57ECF1FE2A59DEB3002FE6BE /* ContentView.swift */ = {isa = PBXFileReference; lastKnownFileType = sourcecode.swift; path = ContentView.swift; sourceTree = "<group>"; };
		57ECF2002A59DEB4002FE6BE /* Assets.xcassets */ = {isa = PBXFileReference; lastKnownFileType = folder.assetcatalog; path = Assets.xcassets; sourceTree = "<group>"; };
		57ECF2032A59DEB4002FE6BE /* Preview Assets.xcassets */ = {isa = PBXFileReference; lastKnownFileType = folder.assetcatalog; path = "Preview Assets.xcassets"; sourceTree = "<group>"; };
		57ECF20B2A59DEE6002FE6BE /* ThirdPartyMailer */ = {isa = PBXFileReference; lastKnownFileType = wrapper; name = ThirdPartyMailer; path = ..; sourceTree = "<group>"; };
		57ECF20F2A59E1B0002FE6BE /* Info.plist */ = {isa = PBXFileReference; lastKnownFileType = text.plist; path = Info.plist; sourceTree = "<group>"; };
/* End PBXFileReference section */

/* Begin PBXFrameworksBuildPhase section */
		57ECF1F62A59DEB3002FE6BE /* Frameworks */ = {
			isa = PBXFrameworksBuildPhase;
			buildActionMask = 2147483647;
			files = (
				57ECF20E2A59DF1F002FE6BE /* ThirdPartyMailer in Frameworks */,
			);
			runOnlyForDeploymentPostprocessing = 0;
		};
/* End PBXFrameworksBuildPhase section */

/* Begin PBXGroup section */
		57ECF1F02A59DEB3002FE6BE = {
			isa = PBXGroup;
			children = (
				57ECF20A2A59DEE6002FE6BE /* Packages */,
				57ECF1FB2A59DEB3002FE6BE /* ThirdPartyMailerExampleSwiftUI */,
				57ECF1FA2A59DEB3002FE6BE /* Products */,
				57ECF20C2A59DF1F002FE6BE /* Frameworks */,
			);
			sourceTree = "<group>";
		};
		57ECF1FA2A59DEB3002FE6BE /* Products */ = {
			isa = PBXGroup;
			children = (
				57ECF1F92A59DEB3002FE6BE /* ThirdPartyMailerExampleSwiftUI.app */,
			);
			name = Products;
			sourceTree = "<group>";
		};
		57ECF1FB2A59DEB3002FE6BE /* ThirdPartyMailerExampleSwiftUI */ = {
			isa = PBXGroup;
			children = (
				57ECF1FC2A59DEB3002FE6BE /* ThirdPartyMailerExampleSwiftUIApp.swift */,
				57ECF1FE2A59DEB3002FE6BE /* ContentView.swift */,
				57ECF2002A59DEB4002FE6BE /* Assets.xcassets */,
				57ECF20F2A59E1B0002FE6BE /* Info.plist */,
				57ECF2022A59DEB4002FE6BE /* Preview Content */,
			);
			path = ThirdPartyMailerExampleSwiftUI;
			sourceTree = "<group>";
		};
		57ECF2022A59DEB4002FE6BE /* Preview Content */ = {
			isa = PBXGroup;
			children = (
				57ECF2032A59DEB4002FE6BE /* Preview Assets.xcassets */,
			);
			path = "Preview Content";
			sourceTree = "<group>";
		};
		57ECF20A2A59DEE6002FE6BE /* Packages */ = {
			isa = PBXGroup;
			children = (
				57ECF20B2A59DEE6002FE6BE /* ThirdPartyMailer */,
			);
			name = Packages;
			sourceTree = "<group>";
		};
		57ECF20C2A59DF1F002FE6BE /* Frameworks */ = {
			isa = PBXGroup;
			children = (
			);
			name = Frameworks;
			sourceTree = "<group>";
		};
/* End PBXGroup section */

/* Begin PBXNativeTarget section */
		57ECF1F82A59DEB3002FE6BE /* ThirdPartyMailerExampleSwiftUI */ = {
			isa = PBXNativeTarget;
			buildConfigurationList = 57ECF2072A59DEB4002FE6BE /* Build configuration list for PBXNativeTarget "ThirdPartyMailerExampleSwiftUI" */;
			buildPhases = (
				57ECF1F52A59DEB3002FE6BE /* Sources */,
				57ECF1F62A59DEB3002FE6BE /* Frameworks */,
				57ECF1F72A59DEB3002FE6BE /* Resources */,
			);
			buildRules = (
			);
			dependencies = (
			);
			name = ThirdPartyMailerExampleSwiftUI;
			packageProductDependencies = (
				57ECF20D2A59DF1F002FE6BE /* ThirdPartyMailer */,
			);
			productName = ThirdPartyMailerExampleSwiftUI;
			productReference = 57ECF1F92A59DEB3002FE6BE /* ThirdPartyMailerExampleSwiftUI.app */;
			productType = "com.apple.product-type.application";
		};
/* End PBXNativeTarget section */

/* Begin PBXProject section */
		57ECF1F12A59DEB3002FE6BE /* Project object */ = {
			isa = PBXProject;
			attributes = {
				BuildIndependentTargetsInParallel = 1;
				LastSwiftUpdateCheck = 1430;
				LastUpgradeCheck = 1430;
				TargetAttributes = {
					57ECF1F82A59DEB3002FE6BE = {
						CreatedOnToolsVersion = 14.3.1;
					};
				};
			};
			buildConfigurationList = 57ECF1F42A59DEB3002FE6BE /* Build configuration list for PBXProject "ThirdPartyMailerExampleSwiftUI" */;
			compatibilityVersion = "Xcode 14.0";
			developmentRegion = en;
			hasScannedForEncodings = 0;
			knownRegions = (
				en,
				Base,
			);
			mainGroup = 57ECF1F02A59DEB3002FE6BE;
			productRefGroup = 57ECF1FA2A59DEB3002FE6BE /* Products */;
			projectDirPath = "";
			projectRoot = "";
			targets = (
				57ECF1F82A59DEB3002FE6BE /* ThirdPartyMailerExampleSwiftUI */,
			);
		};
/* End PBXProject section */

/* Begin PBXResourcesBuildPhase section */
		57ECF1F72A59DEB3002FE6BE /* Resources */ = {
			isa = PBXResourcesBuildPhase;
			buildActionMask = 2147483647;
			files = (
				57ECF2042A59DEB4002FE6BE /* Preview Assets.xcassets in Resources */,
				57ECF2012A59DEB4002FE6BE /* Assets.xcassets in Resources */,
			);
			runOnlyForDeploymentPostprocessing = 0;
		};
/* End PBXResourcesBuildPhase section */

/* Begin PBXSourcesBuildPhase section */
		57ECF1F52A59DEB3002FE6BE /* Sources */ = {
			isa = PBXSourcesBuildPhase;
			buildActionMask = 2147483647;
			files = (
				57ECF1FF2A59DEB3002FE6BE /* ContentView.swift in Sources */,
				57ECF1FD2A59DEB3002FE6BE /* ThirdPartyMailerExampleSwiftUIApp.swift in Sources */,
			);
			runOnlyForDeploymentPostprocessing = 0;
		};
/* End PBXSourcesBuildPhase section */

/* Begin XCBuildConfiguration section */
		57ECF2052A59DEB4002FE6BE /* Debug */ = {
			isa = XCBuildConfiguration;
			buildSettings = {
				ALWAYS_SEARCH_USER_PATHS = NO;
				CLANG_ANALYZER_NONNULL = YES;
				CLANG_ANALYZER_NUMBER_OBJECT_CONVERSION = YES_AGGRESSIVE;
				CLANG_CXX_LANGUAGE_STANDARD = "gnu++20";
				CLANG_ENABLE_MODULES = YES;
				CLANG_ENABLE_OBJC_ARC = YES;
				CLANG_ENABLE_OBJC_WEAK = YES;
				CLANG_WARN_BLOCK_CAPTURE_AUTORELEASING = YES;
				CLANG_WARN_BOOL_CONVERSION = YES;
				CLANG_WARN_COMMA = YES;
				CLANG_WARN_CONSTANT_CONVERSION = YES;
				CLANG_WARN_DEPRECATED_OBJC_IMPLEMENTATIONS = YES;
				CLANG_WARN_DIRECT_OBJC_ISA_USAGE = YES_ERROR;
				CLANG_WARN_DOCUMENTATION_COMMENTS = YES;
				CLANG_WARN_EMPTY_BODY = YES;
				CLANG_WARN_ENUM_CONVERSION = YES;
				CLANG_WARN_INFINITE_RECURSION = YES;
				CLANG_WARN_INT_CONVERSION = YES;
				CLANG_WARN_NON_LITERAL_NULL_CONVERSION = YES;
				CLANG_WARN_OBJC_IMPLICIT_RETAIN_SELF = YES;
				CLANG_WARN_OBJC_LITERAL_CONVERSION = YES;
				CLANG_WARN_OBJC_ROOT_CLASS = YES_ERROR;
				CLANG_WARN_QUOTED_INCLUDE_IN_FRAMEWORK_HEADER = YES;
				CLANG_WARN_RANGE_LOOP_ANALYSIS = YES;
				CLANG_WARN_STRICT_PROTOTYPES = YES;
				CLANG_WARN_SUSPICIOUS_MOVE = YES;
				CLANG_WARN_UNGUARDED_AVAILABILITY = YES_AGGRESSIVE;
				CLANG_WARN_UNREACHABLE_CODE = YES;
				CLANG_WARN__DUPLICATE_METHOD_MATCH = YES;
				COPY_PHASE_STRIP = NO;
				DEBUG_INFORMATION_FORMAT = dwarf;
				ENABLE_STRICT_OBJC_MSGSEND = YES;
				ENABLE_TESTABILITY = YES;
				GCC_C_LANGUAGE_STANDARD = gnu11;
				GCC_DYNAMIC_NO_PIC = NO;
				GCC_NO_COMMON_BLOCKS = YES;
				GCC_OPTIMIZATION_LEVEL = 0;
				GCC_PREPROCESSOR_DEFINITIONS = (
					"DEBUG=1",
					"$(inherited)",
				);
				GCC_WARN_64_TO_32_BIT_CONVERSION = YES;
				GCC_WARN_ABOUT_RETURN_TYPE = YES_ERROR;
				GCC_WARN_UNDECLARED_SELECTOR = YES;
				GCC_WARN_UNINITIALIZED_AUTOS = YES_AGGRESSIVE;
				GCC_WARN_UNUSED_FUNCTION = YES;
				GCC_WARN_UNUSED_VARIABLE = YES;
				IPHONEOS_DEPLOYMENT_TARGET = 13.0;
				MTL_ENABLE_DEBUG_INFO = INCLUDE_SOURCE;
				MTL_FAST_MATH = YES;
				ONLY_ACTIVE_ARCH = YES;
				SDKROOT = iphoneos;
				SWIFT_ACTIVE_COMPILATION_CONDITIONS = DEBUG;
				SWIFT_OPTIMIZATION_LEVEL = "-Onone";
			};
			name = Debug;
		};
		57ECF2062A59DEB4002FE6BE /* Release */ = {
			isa = XCBuildConfiguration;
			buildSettings = {
				ALWAYS_SEARCH_USER_PATHS = NO;
				CLANG_ANALYZER_NONNULL = YES;
				CLANG_ANALYZER_NUMBER_OBJECT_CONVERSION = YES_AGGRESSIVE;
				CLANG_CXX_LANGUAGE_STANDARD = "gnu++20";
				CLANG_ENABLE_MODULES = YES;
				CLANG_ENABLE_OBJC_ARC = YES;
				CLANG_ENABLE_OBJC_WEAK = YES;
				CLANG_WARN_BLOCK_CAPTURE_AUTORELEASING = YES;
				CLANG_WARN_BOOL_CONVERSION = YES;
				CLANG_WARN_COMMA = YES;
				CLANG_WARN_CONSTANT_CONVERSION = YES;
				CLANG_WARN_DEPRECATED_OBJC_IMPLEMENTATIONS = YES;
				CLANG_WARN_DIRECT_OBJC_ISA_USAGE = YES_ERROR;
				CLANG_WARN_DOCUMENTATION_COMMENTS = YES;
				CLANG_WARN_EMPTY_BODY = YES;
				CLANG_WARN_ENUM_CONVERSION = YES;
				CLANG_WARN_INFINITE_RECURSION = YES;
				CLANG_WARN_INT_CONVERSION = YES;
				CLANG_WARN_NON_LITERAL_NULL_CONVERSION = YES;
				CLANG_WARN_OBJC_IMPLICIT_RETAIN_SELF = YES;
				CLANG_WARN_OBJC_LITERAL_CONVERSION = YES;
				CLANG_WARN_OBJC_ROOT_CLASS = YES_ERROR;
				CLANG_WARN_QUOTED_INCLUDE_IN_FRAMEWORK_HEADER = YES;
				CLANG_WARN_RANGE_LOOP_ANALYSIS = YES;
				CLANG_WARN_STRICT_PROTOTYPES = YES;
				CLANG_WARN_SUSPICIOUS_MOVE = YES;
				CLANG_WARN_UNGUARDED_AVAILABILITY = YES_AGGRESSIVE;
				CLANG_WARN_UNREACHABLE_CODE = YES;
				CLANG_WARN__DUPLICATE_METHOD_MATCH = YES;
				COPY_PHASE_STRIP = NO;
				DEBUG_INFORMATION_FORMAT = "dwarf-with-dsym";
				ENABLE_NS_ASSERTIONS = NO;
				ENABLE_STRICT_OBJC_MSGSEND = YES;
				GCC_C_LANGUAGE_STANDARD = gnu11;
				GCC_NO_COMMON_BLOCKS = YES;
				GCC_WARN_64_TO_32_BIT_CONVERSION = YES;
				GCC_WARN_ABOUT_RETURN_TYPE = YES_ERROR;
				GCC_WARN_UNDECLARED_SELECTOR = YES;
				GCC_WARN_UNINITIALIZED_AUTOS = YES_AGGRESSIVE;
				GCC_WARN_UNUSED_FUNCTION = YES;
				GCC_WARN_UNUSED_VARIABLE = YES;
				IPHONEOS_DEPLOYMENT_TARGET = 13.0;
				MTL_ENABLE_DEBUG_INFO = NO;
				MTL_FAST_MATH = YES;
				SDKROOT = iphoneos;
				SWIFT_COMPILATION_MODE = wholemodule;
				SWIFT_OPTIMIZATION_LEVEL = "-O";
				VALIDATE_PRODUCT = YES;
			};
			name = Release;
		};
		57ECF2082A59DEB4002FE6BE /* Debug */ = {
			isa = XCBuildConfiguration;
			buildSettings = {
				ASSETCATALOG_COMPILER_APPICON_NAME = AppIcon;
				ASSETCATALOG_COMPILER_GLOBAL_ACCENT_COLOR_NAME = AccentColor;
				CODE_SIGN_STYLE = Automatic;
				CURRENT_PROJECT_VERSION = 1;
				DEVELOPMENT_ASSET_PATHS = "\"ThirdPartyMailerExampleSwiftUI/Preview Content\"";
				DEVELOPMENT_TEAM = 2D6A8PT24W;
				ENABLE_PREVIEWS = YES;
				GENERATE_INFOPLIST_FILE = YES;
				INFOPLIST_FILE = ThirdPartyMailerExampleSwiftUI/Info.plist;
				INFOPLIST_KEY_UIApplicationSceneManifest_Generation = YES;
				INFOPLIST_KEY_UIApplicationSupportsIndirectInputEvents = YES;
				INFOPLIST_KEY_UILaunchScreen_Generation = YES;
				INFOPLIST_KEY_UISupportedInterfaceOrientations_iPad = "UIInterfaceOrientationPortrait UIInterfaceOrientationPortraitUpsideDown UIInterfaceOrientationLandscapeLeft UIInterfaceOrientationLandscapeRight";
				INFOPLIST_KEY_UISupportedInterfaceOrientations_iPhone = "UIInterfaceOrientationPortrait UIInterfaceOrientationLandscapeLeft UIInterfaceOrientationLandscapeRight";
				IPHONEOS_DEPLOYMENT_TARGET = 14.0;
				LD_RUNPATH_SEARCH_PATHS = (
					"$(inherited)",
					"@executable_path/Frameworks",
				);
				MARKETING_VERSION = 1.0;
				PRODUCT_BUNDLE_IDENTIFIER = com.laszlotuss.ThirdPartyMailerExample.ThirdPartyMailerExampleSwiftUI;
				PRODUCT_NAME = "$(TARGET_NAME)";
				SWIFT_EMIT_LOC_STRINGS = YES;
				SWIFT_VERSION = 5.0;
				TARGETED_DEVICE_FAMILY = "1,2";
			};
			name = Debug;
		};
		57ECF2092A59DEB4002FE6BE /* Release */ = {
			isa = XCBuildConfiguration;
			buildSettings = {
				ASSETCATALOG_COMPILER_APPICON_NAME = AppIcon;
				ASSETCATALOG_COMPILER_GLOBAL_ACCENT_COLOR_NAME = AccentColor;
				CODE_SIGN_STYLE = Automatic;
				CURRENT_PROJECT_VERSION = 1;
				DEVELOPMENT_ASSET_PATHS = "\"ThirdPartyMailerExampleSwiftUI/Preview Content\"";
				DEVELOPMENT_TEAM = 2D6A8PT24W;
				ENABLE_PREVIEWS = YES;
				GENERATE_INFOPLIST_FILE = YES;
				INFOPLIST_FILE = ThirdPartyMailerExampleSwiftUI/Info.plist;
				INFOPLIST_KEY_UIApplicationSceneManifest_Generation = YES;
				INFOPLIST_KEY_UIApplicationSupportsIndirectInputEvents = YES;
				INFOPLIST_KEY_UILaunchScreen_Generation = YES;
				INFOPLIST_KEY_UISupportedInterfaceOrientations_iPad = "UIInterfaceOrientationPortrait UIInterfaceOrientationPortraitUpsideDown UIInterfaceOrientationLandscapeLeft UIInterfaceOrientationLandscapeRight";
				INFOPLIST_KEY_UISupportedInterfaceOrientations_iPhone = "UIInterfaceOrientationPortrait UIInterfaceOrientationLandscapeLeft UIInterfaceOrientationLandscapeRight";
				IPHONEOS_DEPLOYMENT_TARGET = 14.0;
				LD_RUNPATH_SEARCH_PATHS = (
					"$(inherited)",
					"@executable_path/Frameworks",
				);
				MARKETING_VERSION = 1.0;
				PRODUCT_BUNDLE_IDENTIFIER = com.laszlotuss.ThirdPartyMailerExample.ThirdPartyMailerExampleSwiftUI;
				PRODUCT_NAME = "$(TARGET_NAME)";
				SWIFT_EMIT_LOC_STRINGS = YES;
				SWIFT_VERSION = 5.0;
				TARGETED_DEVICE_FAMILY = "1,2";
			};
			name = Release;
		};
/* End XCBuildConfiguration section */

/* Begin XCConfigurationList section */
		57ECF1F42A59DEB3002FE6BE /* Build configuration list for PBXProject "ThirdPartyMailerExampleSwiftUI" */ = {
			isa = XCConfigurationList;
			buildConfigurations = (
				57ECF2052A59DEB4002FE6BE /* Debug */,
				57ECF2062A59DEB4002FE6BE /* Release */,
			);
			defaultConfigurationIsVisible = 0;
			defaultConfigurationName = Release;
		};
		57ECF2072A59DEB4002FE6BE /* Build configuration list for PBXNativeTarget "ThirdPartyMailerExampleSwiftUI" */ = {
			isa = XCConfigurationList;
			buildConfigurations = (
				57ECF2082A59DEB4002FE6BE /* Debug */,
				57ECF2092A59DEB4002FE6BE /* Release */,
			);
			defaultConfigurationIsVisible = 0;
			defaultConfigurationName = Release;
		};
/* End XCConfigurationList section */

/* Begin XCSwiftPackageProductDependency section */
		57ECF20D2A59DF1F002FE6BE /* ThirdPartyMailer */ = {
			isa = XCSwiftPackageProductDependency;
			productName = ThirdPartyMailer;
		};
/* End XCSwiftPackageProductDependency section */
	};
	rootObject = 57ECF1F12A59DEB3002FE6BE /* Project object */;
}
